
Microsoft Visual Studio Solution File, Format Version 12.00
# Visual Studio Version 16
VisualStudioVersion = 16.0.31105.61
MinimumVisualStudioVersion = 10.0.40219.1
Project("{FAE04EC0-301F-11D3-BF4B-00C04F79EFBC}") = "Chat", "Chat\Chat.csproj", "{3BCEC553-FDF6-4A4E-BC56-1557BBA3EA49}"
EndProject
Global
	GlobalSection(SolutionConfigurationPlatforms) = preSolution
		Debug|Any CPU = Debug|Any CPU
		Release|Any CPU = Release|Any CPU
	EndGlobalSection
	GlobalSection(ProjectConfigurationPlatforms) = postSolution
		{3BCEC553-FDF6-4A4E-BC56-1557BBA3EA49}.Debug|Any CPU.ActiveCfg = Debug|Any CPU
		{3BCEC553-FDF6-4A4E-BC56-1557BBA3EA49}.Debug|Any CPU.Build.0 = Debug|Any CPU
		{3BCEC553-FDF6-4A4E-BC56-1557BBA3EA49}.Release|Any CPU.ActiveCfg = Release|Any CPU
		{3BCEC553-FDF6-4A4E-BC56-1557BBA3EA49}.Release|Any CPU.Build.0 = Release|Any CPU
	EndGlobalSection
	GlobalSection(SolutionProperties) = preSolution
		HideSolutionNode = FALSE
	EndGlobalSection
	GlobalSection(ExtensibilityGlobals) = postSolution
		SolutionGuid = {20BDDFCE-5418-44DC-9D14-C5C189F721C6}
	EndGlobalSection
EndGlobal
